
Microsoft Visual Studio Solution File, Format Version 11.00
# Visual Studio 2010
Project("{FAE04EC0-301F-11D3-BF4B-00C04F79EFBC}") = "Assembly-CSharp", "Assembly-CSharp.csproj", "{C6A8FCF4-A7D3-43E3-6E83-1D24D9B6A37B}"
EndProject
Project("{FAE04EC0-301F-11D3-BF4B-00C04F79EFBC}") = "Assembly-CSharp-Editor", "Assembly-CSharp-Editor.csproj", "{4F247762-5568-0AA0-B749-57EB2270ADFB}"
EndProject
Global
	GlobalSection(SolutionConfigurationPlatforms) = preSolution
		Debug|Any CPU = Debug|Any CPU
		Release|Any CPU = Release|Any CPU
	EndGlobalSection
	GlobalSection(ProjectConfigurationPlatforms) = postSolution
		{C6A8FCF4-A7D3-43E3-6E83-1D24D9B6A37B}.Debug|Any CPU.ActiveCfg = Debug|Any CPU
		{C6A8FCF4-A7D3-43E3-6E83-1D24D9B6A37B}.Debug|Any CPU.Build.0 = Debug|Any CPU
		{C6A8FCF4-A7D3-43E3-6E83-1D24D9B6A37B}.Release|Any CPU.ActiveCfg = Release|Any CPU
		{C6A8FCF4-A7D3-43E3-6E83-1D24D9B6A37B}.Release|Any CPU.Build.0 = Release|Any CPU
		{4F247762-5568-0AA0-B749-57EB2270ADFB}.Debug|Any CPU.ActiveCfg = Debug|Any CPU
		{4F247762-5568-0AA0-B749-57EB2270ADFB}.Debug|Any CPU.Build.0 = Debug|Any CPU
		{4F247762-5568-0AA0-B749-57EB2270ADFB}.Release|Any CPU.ActiveCfg = Release|Any CPU
		{4F247762-5568-0AA0-B749-57EB2270ADFB}.Release|Any CPU.Build.0 = Release|Any CPU
	EndGlobalSection
	GlobalSection(SolutionProperties) = preSolution
		HideSolutionNode = FALSE
	EndGlobalSection
EndGlobal
